version = 1
revision = 3
requires-python = ">=3.14"

[[package]]
name = "amqp"
version = "5.3.1"
source = { registry = "https://pypi.org/simple" }
dependencies = [
    { name = "vine" },
]
sdist = { url = "https://files.pythonhosted.org/packages/79/fc/ec94a357dfc6683d8c86f8b4cfa5416a4c36b28052ec8260c77aca96a443/amqp-5.3.1.tar.gz", hash = "sha256:cddc00c725449522023bad949f70fff7b48f0b1ade74d170a6f10ab044739432", size = 129013, upload-time = "2024-11-12T19:55:44.051Z" }
wheels = [
    { url = "https://files.pythonhosted.org/packages/26/99/fc813cd978842c26c82534010ea849eee9ab3a13ea2b74e95cb9c99e747b/amqp-5.3.1-py3-none-any.whl", hash = "sha256:43b3319e1b4e7d1251833a93d672b4af1e40f3d632d479b98661a95f117880a2", size = 50944, upload-time = "2024-11-12T19:55:41.782Z" },
]

[[package]]
name = "billiard"
version = "4.2.4"
source = { registry = "https://pypi.org/simple" }
sdist = { url = "https://files.pythonhosted.org/packages/58/23/b12ac0bcdfb7360d664f40a00b1bda139cbbbced012c34e375506dbd0143/billiard-4.2.4.tar.gz", hash = "sha256:55f542c371209e03cd5862299b74e52e4fbcba8250ba611ad94276b369b6a85f", size = 156537, upload-time = "2025-11-30T13:28:48.52Z" }
wheels = [
    { url = "https://files.pythonhosted.org/packages/cb/87/8bab77b323f16d67be364031220069f79159117dd5e43eeb4be2fef1ac9b/billiard-4.2.4-py3-none-any.whl", hash = "sha256:525b42bdec68d2b983347ac312f892db930858495db601b5836ac24e6477cde5", size = 87070, upload-time = "2025-11-30T13:28:47.016Z" },
]

[[package]]
name = "celery"
version = "5.6.3"
source = { registry = "https://pypi.org/simple" }
dependencies = [
    { name = "billiard" },
    { name = "click" },
    { name = "click-didyoumean" },
    { name = "click-plugins" },
    { name = "click-repl" },
    { name = "kombu" },
    { name = "python-dateutil" },
    { name = "tzlocal" },
    { name = "vine" },
]
sdist = { url = "https://files.pythonhosted.org/packages/e8/b4/a1233943ab5c8ea05fb877a88a0a0622bf47444b99e4991a8045ac37ea1d/celery-5.6.3.tar.gz", hash = "sha256:177006bd2054b882e9f01be59abd8529e88879ef50d7918a7050c5a9f4e12912", size = 1742243, upload-time = "2026-03-26T12:14:51.76Z" }
wheels = [
    { url = "https://files.pythonhosted.org/packages/cf/c9/6eccdda96e098f7ae843162db2d3c149c6931a24fda69fe4ab84d0027eb5/celery-5.6.3-py3-none-any.whl", hash = "sha256:0808f42f80909c4d5833202360ffafb2a4f83f4d8e23e1285d926610e9a7afa6", size = 451235, upload-time = "2026-03-26T12:14:49.491Z" },
]

[[package]]
name = "click"
version = "8.4.1"
source = { registry = "https://pypi.org/simple" }
dependencies = [
    { name = "colorama", marker = "sys_platform == 'win32'" },
]
sdist = { url = "https://files.pythonhosted.org/packages/9b/98/518d8e5081007684232226f475082b30087d0f585e8457db087298259f49/click-8.4.1.tar.gz", hash = "sha256:918b5633eddf6b41c32d4f454bf0de810065c74e3f7dbf8ee5452f8be88d3e96", size = 353007, upload-time = "2026-05-22T04:08:37.769Z" }
wheels = [
    { url = "https://files.pythonhosted.org/packages/c7/0d/67e5b4109ea4a837e80daa87c2c696711955e40449a97e8926672534def2/click-8.4.1-py3-none-any.whl", hash = "sha256:482be17c6991b8c19c5429a1e995d9b0efdbb63172824c41f99965dc0ade8ec2", size = 116639, upload-time = "2026-05-22T04:08:35.26Z" },
]

[[package]]
name = "click-didyoumean"
version = "0.3.1"
source = { registry = "https://pypi.org/simple" }
dependencies = [
    { name = "click" },
]
sdist = { url = "https://files.pythonhosted.org/packages/30/ce/217289b77c590ea1e7c24242d9ddd6e249e52c795ff10fac2c50062c48cb/click_didyoumean-0.3.1.tar.gz", hash = "sha256:4f82fdff0dbe64ef8ab2279bd6aa3f6a99c3b28c05aa09cbfc07c9d7fbb5a463", size = 3089, upload-time = "2024-03-24T08:22:07.499Z" }
wheels = [
    { url = "https://files.pythonhosted.org/packages/1b/5b/974430b5ffdb7a4f1941d13d83c64a0395114503cc357c6b9ae4ce5047ed/click_didyoumean-0.3.1-py3-none-any.whl", hash = "sha256:5c4bb6007cfea5f2fd6583a2fb6701a22a41eb98957e63d0fac41c10e7c3117c", size = 3631, upload-time = "2024-03-24T08:22:06.356Z" },
]

[[package]]
name = "click-plugins"
version = "1.1.1.2"
source = { registry = "https://pypi.org/simple" }
dependencies = [
    { name = "click" },
]
sdist = { url = "https://files.pythonhosted.org/packages/c3/a4/34847b59150da33690a36da3681d6bbc2ec14ee9a846bc30a6746e5984e4/click_plugins-1.1.1.2.tar.gz", hash = "sha256:d7af3984a99d243c131aa1a828331e7630f4a88a9741fd05c927b204bcf92261", size = 8343, upload-time = "2025-06-25T00:47:37.555Z" }
wheels = [
    { url = "https://files.pythonhosted.org/packages/3d/9a/2abecb28ae875e39c8cad711eb1186d8d14eab564705325e77e4e6ab9ae5/click_plugins-1.1.1.2-py2.py3-none-any.whl", hash = "sha256:008d65743833ffc1f5417bf0e78e8d2c23aab04d9745ba817bd3e71b0feb6aa6", size = 11051, upload-time = "2025-06-25T00:47:36.731Z" },
]

[[package]]
name = "click-repl"
version = "0.3.0"
source = { registry = "https://pypi.org/simple" }
dependencies = [
    { name = "click" },
    { name = "prompt-toolkit" },
]
sdist = { url = "https://files.pythonhosted.org/packages/cb/a2/57f4ac79838cfae6912f997b4d1a64a858fb0c86d7fcaae6f7b58d267fca/click-repl-0.3.0.tar.gz", hash = "sha256:17849c23dba3d667247dc4defe1757fff98694e90fe37474f3feebb69ced26a9", size = 10449, upload-time = "2023-06-15T12:43:51.141Z" }
wheels = [
    { url = "https://files.pythonhosted.org/packages/52/40/9d857001228658f0d59e97ebd4c346fe73e138c6de1bce61dc568a57c7f8/click_repl-0.3.0-py3-none-any.whl", hash = "sha256:fb7e06deb8da8de86180a33a9da97ac316751c094c6899382da7feeeeb51b812", size = 10289, upload-time = "2023-06-15T12:43:48.626Z" },
]

[[package]]
name = "colorama"
version = "0.4.6"
source = { registry = "https://pypi.org/simple" }
sdist = { url = "https://files.pythonhosted.org/packages/d8/53/6f443c9a4a8358a93a6792e2acffb9d9d5cb0a5cfd8802644b7b1c9a02e4/colorama-0.4.6.tar.gz", hash = "sha256:08695f5cb7ed6e0531a20572697297273c47b8cae5a63ffc6d6ed5c201be6e44", size = 27697, upload-time = "2022-10-25T02:36:22.414Z" }
wheels = [
    { url = "https://files.pythonhosted.org/packages/d1/d6/3965ed04c63042e047cb6a3e6ed1a63a35087b6a609aa3a15ed8ac56c221/colorama-0.4.6-py2.py3-none-any.whl", hash = "sha256:4f1d9991f5acc0ca119f9d443620b77f9d6b33703e51011c16baf57afb285fc6", size = 25335, upload-time = "2022-10-25T02:36:20.889Z" },
]

[[package]]
name = "dnspython"
version = "2.8.0"
source = { registry = "https://pypi.org/simple" }
sdist = { url = "https://files.pythonhosted.org/packages/8c/8b/57666417c0f90f08bcafa776861060426765fdb422eb10212086fb811d26/dnspython-2.8.0.tar.gz", hash = "sha256:181d3c6996452cb1189c4046c61599b84a5a86e099562ffde77d26984ff26d0f", size = 368251, upload-time = "2025-09-07T18:58:00.022Z" }
wheels = [
    { url = "https://files.pythonhosted.org/packages/ba/5a/18ad964b0086c6e62e2e7500f7edc89e3faa45033c71c1893d34eed2b2de/dnspython-2.8.0-py3-none-any.whl", hash = "sha256:01d9bbc4a2d76bf0db7c1f729812ded6d912bd318d3b1cf81d30c0f845dbf3af", size = 331094, upload-time = "2025-09-07T18:57:58.071Z" },
]

[[package]]
name = "kombu"
version = "5.6.2"
source = { registry = "https://pypi.org/simple" }
dependencies = [
    { name = "amqp" },
    { name = "packaging" },
    { name = "tzdata" },
    { name = "vine" },
]
sdist = { url = "https://files.pythonhosted.org/packages/b6/a5/607e533ed6c83ae1a696969b8e1c137dfebd5759a2e9682e26ff1b97740b/kombu-5.6.2.tar.gz", hash = "sha256:8060497058066c6f5aed7c26d7cd0d3b574990b09de842a8c5aaed0b92cc5a55", size = 472594, upload-time = "2025-12-29T20:30:07.779Z" }
wheels = [
    { url = "https://files.pythonhosted.org/packages/fb/0f/834427d8c03ff1d7e867d3db3d176470c64871753252b21b4f4897d1fa45/kombu-5.6.2-py3-none-any.whl", hash = "sha256:efcfc559da324d41d61ca311b0c64965ea35b4c55cc04ee36e55386145dace93", size = 214219, upload-time = "2025-12-29T20:30:05.74Z" },
]

[[package]]
name = "lesson-14"
version = "0.1.0"
source = { virtual = "." }
dependencies = [
    { name = "celery" },
    { name = "mongoengine" },
    { name = "pika" },
    { name = "python-dotenv" },
    { name = "redis" },
]

[package.metadata]
requires-dist = [
    { name = "celery", specifier = ">=5.6.3" },
    { name = "mongoengine", specifier = ">=0.29.3" },
    { name = "pika", specifier = ">=1.4.1" },
    { name = "python-dotenv", specifier = ">=1.2.1" },
    { name = "redis", specifier = ">=7.1.0" },
]

[[package]]
name = "mongoengine"
version = "0.29.3"
source = { registry = "https://pypi.org/simple" }
dependencies = [
    { name = "pymongo" },
]
sdist = { url = "https://files.pythonhosted.org/packages/b4/76/160e35d90a671913146b884b1ca586909036dd56070600035821870b1aad/mongoengine-0.29.3.tar.gz", hash = "sha256:4267702aea433012845cb12b6334bff86a0a3084b5d141c1e4553ea20374a9b4", size = 188213, upload-time = "2026-03-10T15:19:17.946Z" }
wheels = [
    { url = "https://files.pythonhosted.org/packages/c7/b5/214ea32710fa3ad7c13820cbb9f9a457d4809a5d54995e0d081f33c75116/mongoengine-0.29.3-py3-none-any.whl", hash = "sha256:2d5a216cf2368867d43e5321b13044ecc3e72c3f19ace21b1c5e7403951ca685", size = 112513, upload-time = "2026-03-10T15:19:16.619Z" },
]

[[package]]
name = "packaging"
version = "26.2"
source = { registry = "https://pypi.org/simple" }
sdist = { url = "https://files.pythonhosted.org/packages/d7/f1/e7a6dd94a8d4a5626c03e4e99c87f241ba9e350cd9e6d75123f992427270/packaging-26.2.tar.gz", hash = "sha256:ff452ff5a3e828ce110190feff1178bb1f2ea2281fa2075aadb987c2fb221661", size = 228134, upload-time = "2026-04-24T20:15:23.917Z" }
wheels = [
    { url = "https://files.pythonhosted.org/packages/df/b2/87e62e8c3e2f4b32e5fe99e0b86d576da1312593b39f47d8ceef365e95ed/packaging-26.2-py3-none-any.whl", hash = "sha256:5fc45236b9446107ff2415ce77c807cee2862cb6fac22b8a73826d0693b0980e", size = 100195, upload-time = "2026-04-24T20:15:22.081Z" },
]

[[package]]
name = "pika"
version = "1.4.1"
source = { registry = "https://pypi.org/simple" }
sdist = { url = "https://files.pythonhosted.org/packages/f7/09/8c42dd00c4b3e09ebd174455d30823c261eefef9d2b7e94ae9ca779704c1/pika-1.4.1.tar.gz", hash = "sha256:e851f3e4992adfbf8eb64e9b86d94e3382f92ba0200055abedbb29676b8e713b", size = 154268, upload-time = "2026-05-22T18:01:24.855Z" }
wheels = [
    { url = "https://files.pythonhosted.org/packages/7f/7b/a09c0d378ee8604220902c58103104b2304ef99744c4b7fc45312d280484/pika-1.4.1-py3-none-any.whl", hash = "sha256:2daae7bd422a0fc4f4879fd48c9a1932ed74a0bc7172e1e5f9bde63a101ed074", size = 164962, upload-time = "2026-05-22T18:01:23.429Z" },
]

[[package]]
name = "prompt-toolkit"
version = "3.0.52"
source = { registry = "https://pypi.org/simple" }
dependencies = [
    { name = "wcwidth" },
]
sdist = { url = "https://files.pythonhosted.org/packages/a1/96/06e01a7b38dce6fe1db213e061a4602dd6032a8a97ef6c1a862537732421/prompt_toolkit-3.0.52.tar.gz", hash = "sha256:28cde192929c8e7321de85de1ddbe736f1375148b02f2e17edd840042b1be855", size = 434198, upload-time = "2025-08-27T15:24:02.057Z" }
wheels = [
    { url = "https://files.pythonhosted.org/packages/84/03/0d3ce49e2505ae70cf43bc5bb3033955d2fc9f932163e84dc0779cc47f48/prompt_toolkit-3.0.52-py3-none-any.whl", hash = "sha256:9aac639a3bbd33284347de5ad8d68ecc044b91a762dc39b7c21095fcd6a19955", size = 391431, upload-time = "2025-08-27T15:23:59.498Z" },
]

[[package]]
name = "pymongo"
version = "4.17.0"
source = { registry = "https://pypi.org/simple" }
dependencies = [
    { name = "dnspython" },
]
sdist = { url = "https://files.pythonhosted.org/packages/ca/64/50be6fbac9c79fe2e4c17401a467da2d8764d82833d83cec325afe5cab32/pymongo-4.17.0.tar.gz", hash = "sha256:70ffa08ba641468cc068cf46c06b34f01a8ce3489f6411309fcb5ceabe6b2fc0", size = 2523370, upload-time = "2026-04-20T16:39:53.524Z" }
wheels = [
    { url = "https://files.pythonhosted.org/packages/da/49/2b0250762a89737ed6f9cea238331baca061b89a8ddd10dd17fee52c3970/pymongo-4.17.0-cp314-cp314-macosx_10_15_x86_64.whl", hash = "sha256:ff5aa3f1c7e3f08eb0e7a016c91ba468b1850ccfd63d9b1f12f56350f4974cef", size = 1040945, upload-time = "2026-04-20T16:38:42.783Z" },
    { url = "https://files.pythonhosted.org/packages/89/1c/7a9b5447a08be20e84b6e5b17330917e8d6d9507daa3cd099a9309f11ad7/pymongo-4.17.0-cp314-cp314-macosx_11_0_arm64.whl", hash = "sha256:e816db649ba5d7de0568cf3a9f287a9dc9aad21cf0ca667ab156a7ef47fca0b0", size = 1041187, upload-time = "2026-04-20T16:38:45.358Z" },
    { url = "https://files.pythonhosted.org/packages/78/a1/71704f61632dfc90407a5834fe5f6132854937c4a3648f6c05c351d85a45/pymongo-4.17.0-cp314-cp314-manylinux1_i686.manylinux_2_28_i686.manylinux_2_5_i686.whl", hash = "sha256:12c4fded3a9f1d6a687e36ebd384ac6d00b9b00de1969aa74048e7051ec2a713", size = 2294806, upload-time = "2026-04-20T16:38:47.734Z" },
    { url = "https://files.pythonhosted.org/packages/ad/b9/aff42be75108b96c2469b1d9329b912c15108f3e7ef32fdc86da8423c330/pymongo-4.17.0-cp314-cp314-manylinux2014_aarch64.manylinux_2_17_aarch64.manylinux_2_28_aarch64.whl", hash = "sha256:2db66aa8dd253a0fc1fad3b0d23d5b3993f7ebde02fbbd7727128debf2853675", size = 2348231, upload-time = "2026-04-20T16:38:50.371Z" },
    { url = "https://files.pythonhosted.org/packages/f2/30/44c115b8ba1479942c15fd9480eb29a7da0ba68acd56983423ba0deb4a94/pymongo-4.17.0-cp314-cp314-manylinux2014_ppc64le.manylinux_2_17_ppc64le.manylinux_2_28_ppc64le.whl", hash = "sha256:3987e96e7c7be4083d42e8ac2cc6c0d5b78db9973c90fce42ae800b616ca6b20", size = 2467614, upload-time = "2026-04-20T16:38:52.665Z" },
    { url = "https://files.pythonhosted.org/packages/d2/84/21ee95c8bf0ca7acae7ec7eb365d740bf8fc0156c194baf2c3bdfcb85ec0/pymongo-4.17.0-cp314-cp314-manylinux2014_s390x.manylinux_2_17_s390x.manylinux_2_28_s390x.whl", hash = "sha256:cee36b3c0d0354f880fa7a7fdcdaf2bb5e542c2281e25c1bfadf8cfe21eba7d2", size = 2445970, upload-time = "2026-04-20T16:38:55.175Z" },
    { url = "https://files.pythonhosted.org/packages/06/89/081d7f1809d5ca09d1e47e49f2111b245f5694de3a7af32cd3a353a6f43f/pymongo-4.17.0-cp314-cp314-manylinux2014_x86_64.manylinux_2_17_x86_64.manylinux_2_28_x86_64.whl", hash = "sha256:320b34457b20bbcc79997801f95d25ce00472915ca5241167242b42c4359e027", size = 2348605, upload-time = "2026-04-20T16:38:57.557Z" },
    { url = "https://files.pythonhosted.org/packages/ea/c3/0d949f9d3f2a341c1f635c398c16615e96f89f51ff424ed81e914cf1a4de/pymongo-4.17.0-cp314-cp314-win32.whl", hash = "sha256:df4a644af9ae132d4bfdb2e9516ea51a615fd881caddfbfbd071cf1354844479", size = 1004119, upload-time = "2026-04-20T16:39:00.309Z" },
    { url = "https://files.pythonhosted.org/packages/f7/55/5c3a3db1048054c695c75c5964cc8bedc2247fdb5a75ef6fab4ec8bb013e/pymongo-4.17.0-cp314-cp314-win_amd64.whl", hash = "sha256:c797f8a80957134f6dd9690367a0f8f5906d672119af2c6aa55f0c527b656bed", size = 1032314, upload-time = "2026-04-20T16:39:02.665Z" },
    { url = "https://files.pythonhosted.org/packages/e0/19/e235f39906134cb0ffd5574c5a59c355ef5380f0499644ab94994afbb109/pymongo-4.17.0-cp314-cp314-win_arm64.whl", hash = "sha256:68fca71e05ee5da23a8d73cee8379dfb3d26e609a377cae731d742771ed96946", size = 1007627, upload-time = "2026-04-20T16:39:04.678Z" },
    { url = "https://files.pythonhosted.org/packages/1e/e0/c4c1a86791415b14c684fa0908f9da96de91594a3fd1fa1b8dc689fbb800/pymongo-4.17.0-cp314-cp314t-macosx_10_15_x86_64.whl", hash = "sha256:b4384700cffc3f1dd98e088bc0072dedf6d7d68a230bb4b972665cf69c071c1e", size = 1099151, upload-time = "2026-04-20T16:39:06.969Z" },
    { url = "https://files.pythonhosted.org/packages/81/4b/69c67f3e23fd9b23b9bedc7ebd23754881cc9d5c5d5b2a9811e96b07f475/pymongo-4.17.0-cp314-cp314t-macosx_11_0_arm64.whl", hash = "sha256:93641192644fa1ee0f34030e774fd31022a27ad11ba22cb1716142231524f8bd", size = 1099346, upload-time = "2026-04-20T16:39:08.996Z" },
    { url = "https://files.pythonhosted.org/packages/a2/19/a5208f62f9508a26d73acc69bd3821b8c8adae253679a3c26d2f9652f0d5/pymongo-4.17.0-cp314-cp314t-manylinux1_i686.manylinux_2_28_i686.manylinux_2_5_i686.whl", hash = "sha256:75bc3aa5b94fdb7138d357ec6ca61cd97e0c79f4f7f0bd3efe9639b15cc50942", size = 2619034, upload-time = "2026-04-20T16:39:11.049Z" },
    { url = "https://files.pythonhosted.org/packages/77/27/426cba1ec5973082a56d4150798529bfdf4151c31391ed1fbbecb23ef2ac/pymongo-4.17.0-cp314-cp314t-manylinux2014_aarch64.manylinux_2_17_aarch64.manylinux_2_28_aarch64.whl", hash = "sha256:50e8f8e23c6df7c6d6929f5e734980b227706e73ee847517c9ba5af90f7fc466", size = 2689939, upload-time = "2026-04-20T16:39:13.617Z" },
    { url = "https://files.pythonhosted.org/packages/ef/2e/f70993d1255e33f6ee59a4ec4371cc65bff7a7e3fda7d55c3386f25287e8/pymongo-4.17.0-cp314-cp314t-manylinux2014_ppc64le.manylinux_2_17_ppc64le.manylinux_2_28_ppc64le.whl", hash = "sha256:15d3f3d732aecac1f8d481bde4029755615639bd3076f258a2147210aec8515a", size = 2824994, upload-time = "2026-04-20T16:39:16.057Z" },
    { url = "https://files.pythonhosted.org/packages/b3/eb/87b0e988ba889e1fcc3430c2cfc166b251872c813e92b43174298bee17ff/pymongo-4.17.0-cp314-cp314t-manylinux2014_s390x.manylinux_2_17_s390x.manylinux_2_28_s390x.whl", hash = "sha256:6c5f62862d0f87be481fa1fe8cb811994486773c94a2b61e509285e3f2890763", size = 2801745, upload-time = "2026-04-20T16:39:18.476Z" },
    { url = "https://files.pythonhosted.org/packages/67/4c/3f83412d086f682d4d468761d66ddc49cf161e786ea74073045eb4491c60/pymongo-4.17.0-cp314-cp314t-manylinux2014_x86_64.manylinux_2_17_x86_64.manylinux_2_28_x86_64.whl", hash = "sha256:64837adbbd72073301af51bb0fc80e3d7707fe5527cea1033ba0320f0b2f881b", size = 2684636, upload-time = "2026-04-20T16:39:20.878Z" },
    { url = "https://files.pythonhosted.org/packages/9e/d8/b75f6f4ab6c8beb50b0270a4f1e2530b5774f5e116563440e1677ca1820f/pymongo-4.17.0-cp314-cp314t-win32.whl", hash = "sha256:b93b22eedc62598cf5ee9d8c8007a8e9121c50fd88137012d8985500e9dc3151", size = 1056356, upload-time = "2026-04-20T16:39:22.996Z" },
    { url = "https://files.pythonhosted.org/packages/e4/5e/648c8a238eef18a25ed8a169ea6542d4a860bbec3e95b3d9badac2935c71/pymongo-4.17.0-cp314-cp314t-win_amd64.whl", hash = "sha256:3689ea34f6b647c7d1e7bdc60fcfb214b2789ed1359a7fb96569c69f50e5f18f", size = 1090964, upload-time = "2026-04-20T16:39:24.989Z" },
    { url = "https://files.pythonhosted.org/packages/dc/cb/d9780b66939c4fc1f024bcc7be23a2abcfe06a9745ca8fa76dc73395482e/pymongo-4.17.0-cp314-cp314t-win_arm64.whl", hash = "sha256:9543d8f84c2e5608565c08ac679774811e6730770d8a645439b073422a4276fb", size = 1058526, upload-time = "2026-04-20T16:39:27.924Z" },
]

[[package]]
name = "python-dateutil"
version = "2.9.0.post0"
source = { registry = "https://pypi.org/simple" }
dependencies = [
    { name = "six" },
]
sdist = { url = "https://files.pythonhosted.org/packages/66/c0/0c8b6ad9f17a802ee498c46e004a0eb49bc148f2fd230864601a86dcf6db/python-dateutil-2.9.0.post0.tar.gz", hash = "sha256:37dd54208da7e1cd875388217d5e00ebd4179249f90fb72437e91a35459a0ad3", size = 342432, upload-time = "2024-03-01T18:36:20.211Z" }
wheels = [
    { url = "https://files.pythonhosted.org/packages/ec/57/56b9bcc3c9c6a792fcbaf139543cee77261f3651ca9da0c93f5c1221264b/python_dateutil-2.9.0.post0-py2.py3-none-any.whl", hash = "sha256:a8b2bc7bffae282281c8140a97d3aa9c14da0b136dfe83f850eea9a5f7470427", size = 229892, upload-time = "2024-03-01T18:36:18.57Z" },
]

[[package]]
name = "python-dotenv"
version = "1.2.2"
source = { registry = "https://pypi.org/simple" }
sdist = { url = "https://files.pythonhosted.org/packages/82/ed/0301aeeac3e5353ef3d94b6ec08bbcabd04a72018415dcb29e588514bba8/python_dotenv-1.2.2.tar.gz", hash = "sha256:2c371a91fbd7ba082c2c1dc1f8bf89ca22564a087c2c287cd9b662adde799cf3", size = 50135, upload-time = "2026-03-01T16:00:26.196Z" }
wheels = [
    { url = "https://files.pythonhosted.org/packages/0b/d7/1959b9648791274998a9c3526f6d0ec8fd2233e4d4acce81bbae76b44b2a/python_dotenv-1.2.2-py3-none-any.whl", hash = "sha256:1d8214789a24de455a8b8bd8ae6fe3c6b69a5e3d64aa8a8e5d68e694bbcb285a", size = 22101, upload-time = "2026-03-01T16:00:25.09Z" },
]

[[package]]
name = "redis"
version = "8.0.0"
source = { registry = "https://pypi.org/simple" }
sdist = { url = "https://files.pythonhosted.org/packages/53/ae/ed461cca5780b5fc8b9fe8ca0ed98d89508645fb9d880c24cc42c087678f/redis-8.0.0.tar.gz", hash = "sha256:a00c5355432051ac14e593b8b197fc76c887ee12d55a0984f69328a1115fdc49", size = 5101591, upload-time = "2026-05-28T12:45:13.5Z" }
wheels = [
    { url = "https://files.pythonhosted.org/packages/27/e3/b519734372d305bd547534a9f32e4ce9f98552af753dce72cf3483a0ff0b/redis-8.0.0-py3-none-any.whl", hash = "sha256:c938c18338585009f0bc310f4c7e4e4b4d37639356c4ac072cedf3af570c8dc7", size = 499870, upload-time = "2026-05-28T12:45:11.697Z" },
]

[[package]]
name = "six"
version = "1.17.0"
source = { registry = "https://pypi.org/simple" }
sdist = { url = "https://files.pythonhosted.org/packages/94/e7/b2c673351809dca68a0e064b6af791aa332cf192da575fd474ed7d6f16a2/six-1.17.0.tar.gz", hash = "sha256:ff70335d468e7eb6ec65b95b99d3a2836546063f63acc5171de367e834932a81", size = 34031, upload-time = "2024-12-04T17:35:28.174Z" }
wheels = [
    { url = "https://files.pythonhosted.org/packages/b7/ce/149a00dd41f10bc29e5921b496af8b574d8413afcd5e30dfa0ed46c2cc5e/six-1.17.0-py2.py3-none-any.whl", hash = "sha256:4721f391ed90541fddacab5acf947aa0d3dc7d27b2e1e8eda2be8970586c3274", size = 11050, upload-time = "2024-12-04T17:35:26.475Z" },
]

[[package]]
name = "tzdata"
version = "2026.2"
source = { registry = "https://pypi.org/simple" }
sdist = { url = "https://files.pythonhosted.org/packages/ba/19/1b9b0e29f30c6d35cb345486df41110984ea67ae69dddbc0e8a100999493/tzdata-2026.2.tar.gz", hash = "sha256:9173fde7d80d9018e02a662e168e5a2d04f87c41ea174b139fbef642eda62d10", size = 198254, upload-time = "2026-04-24T15:22:08.651Z" }
wheels = [
    { url = "https://files.pythonhosted.org/packages/ce/e4/dccd7f47c4b64213ac01ef921a1337ee6e30e8c6466046018326977efd95/tzdata-2026.2-py2.py3-none-any.whl", hash = "sha256:bbe9af844f658da81a5f95019480da3a89415801f6cc966806612cc7169bffe7", size = 349321, upload-time = "2026-04-24T15:22:05.876Z" },
]

[[package]]
name = "tzlocal"
version = "5.4"
source = { registry = "https://pypi.org/simple" }
dependencies = [
    { name = "tzdata", marker = "sys_platform == 'win32'" },
]
sdist = { url = "https://files.pythonhosted.org/packages/d8/52/ee2e6d7031687c5bad28363148cb72f2bbf38201d2e220671bd9fb830bc2/tzlocal-5.4.tar.gz", hash = "sha256:41e1293f80d4b5ff38dff222601a8fbd06b4fdcaf25e224704047ad26a39af54", size = 30922, upload-time = "2026-06-15T12:06:56.594Z" }
wheels = [
    { url = "https://files.pythonhosted.org/packages/1d/70/5771c9ecbdb7cc0c3f3bbded7e0fa7911ee8e872ce5b5dc48ce7dce21a11/tzlocal-5.4-py3-none-any.whl", hash = "sha256:024d11221ff83453eae1f608f09b145b9779e1345d08c15404ce8ff7917cf629", size = 28261, upload-time = "2026-06-15T12:06:54.914Z" },
]

[[package]]
name = "vine"
version = "5.1.0"
source = { registry = "https://pypi.org/simple" }
sdist = { url = "https://files.pythonhosted.org/packages/bd/e4/d07b5f29d283596b9727dd5275ccbceb63c44a1a82aa9e4bfd20426762ac/vine-5.1.0.tar.gz", hash = "sha256:8b62e981d35c41049211cf62a0a1242d8c1ee9bd15bb196ce38aefd6799e61e0", size = 48980, upload-time = "2023-11-05T08:46:53.857Z" }
wheels = [
    { url = "https://files.pythonhosted.org/packages/03/ff/7c0c86c43b3cbb927e0ccc0255cb4057ceba4799cd44ae95174ce8e8b5b2/vine-5.1.0-py3-none-any.whl", hash = "sha256:40fdf3c48b2cfe1c38a49e9ae2da6fda88e4794c810050a728bd7413811fb1dc", size = 9636, upload-time = "2023-11-05T08:46:51.205Z" },
]

[[package]]
name = "wcwidth"
version = "0.8.1"
source = { registry = "https://pypi.org/simple" }
sdist = { url = "https://files.pythonhosted.org/packages/49/b4/51fe890511f0f242d07cb1ebe6a5b6db417262b9d2568b460347c57d95cc/wcwidth-0.8.1.tar.gz", hash = "sha256:faf5b4a5366a72dc49cad48cdf21f52bdf63bdda995178e483ba247ff79089b9", size = 1466072, upload-time = "2026-06-08T05:57:23.146Z" }
wheels = [
    { url = "https://files.pythonhosted.org/packages/bd/6e/95b0e537de1f4d4301f76f944642c6da50d1511cc7b3d64dc418a66c7509/wcwidth-0.8.1-py3-none-any.whl", hash = "sha256:f453740b1e4a4f3291faa37944c555d71056c4da08d59809b307ef4feba695c8", size = 323092, upload-time = "2026-06-08T05:57:21.413Z" },
]
